
Microsoft Visual Studio Solution File, Format Version 12.00
# Visual Studio Version 16
VisualStudioVersion = 16.0.809.10
MinimumVisualStudioVersion = 10.0.40219.1
Project("{FAE04EC0-301F-11D3-BF4B-00C04F79EFBC}") = "Notespace-.netCore", "Notespace-.netCore\Notespace-.netCore.csproj", "{A982E336-4DB0-4966-8A40-5750DC0269DD}"
EndProject
Global
	GlobalSection(SolutionConfigurationPlatforms) = preSolution
		Debug|Any CPU = Debug|Any CPU
		Release|Any CPU = Release|Any CPU
	EndGlobalSection
	GlobalSection(ProjectConfigurationPlatforms) = postSolution
		{A982E336-4DB0-4966-8A40-5750DC0269DD}.Debug|Any CPU.ActiveCfg = Debug|Any CPU
		{A982E336-4DB0-4966-8A40-5750DC0269DD}.Debug|Any CPU.Build.0 = Debug|Any CPU
		{A982E336-4DB0-4966-8A40-5750DC0269DD}.Release|Any CPU.ActiveCfg = Release|Any CPU
		{A982E336-4DB0-4966-8A40-5750DC0269DD}.Release|Any CPU.Build.0 = Release|Any CPU
	EndGlobalSection
	GlobalSection(SolutionProperties) = preSolution
		HideSolutionNode = FALSE
	EndGlobalSection
	GlobalSection(ExtensibilityGlobals) = postSolution
		SolutionGuid = {78F1B5EA-15D6-48E9-9640-7DF764AC4B71}
	EndGlobalSection
EndGlobal
